PODS:
  - Functional (0.0.4)
  - Kiwi (2.4.0)
  - MagicalRecord (2.3.0)
  - OMGHTTPURLRQ (3.0.2):
    - OMGHTTPURLRQ/RQ (= 3.0.2)
  - OMGHTTPURLRQ/FormURLEncode (3.0.2)
  - OMGHTTPURLRQ/RQ (3.0.2):
    - OMGHTTPURLRQ/FormURLEncode
    - OMGHTTPURLRQ/UserAgent
  - OMGHTTPURLRQ/UserAgent (3.0.2)
  - PromiseKit (3.0.0):
    - PromiseKit/Foundation (= 3.0.0)
    - PromiseKit/QuartzCore (= 3.0.0)
    - PromiseKit/UIKit (= 3.0.0)
  - PromiseKit/CorePromise (3.0.0)
  - PromiseKit/Foundation (3.0.0):
    - OMGHTTPURLRQ (~> 3.0.0)
    - PromiseKit/CorePromise
  - PromiseKit/QuartzCore (3.0.0):
    - PromiseKit/CorePromise
  - PromiseKit/UIKit (3.0.0):
    - PromiseKit/CorePromise

DEPENDENCIES:
  - Functional
  - Kiwi
  - MagicalRecord
  - PromiseKit (~> 3.0)

SPEC CHECKSUMS:
  Functional: 712484ea05bb20910b7e31d44ede6f0dad4d9b4b
  Kiwi: f49c9d54b28917df5928fe44968a39ed198cb8a8
  MagicalRecord: 89eb7d7ead39fb37f01c3d010665ee94d17f8dba
  OMGHTTPURLRQ: 8376dc887d76a5a7e2a67881dc788f917a2f437c
  PromiseKit: 665540a1eb43156446872dcf49ed7dee6ebbe13b

COCOAPODS: 0.39.0
